
Microsoft Visual Studio Solution File, Format Version 12.00
# Visual Studio Version 17
VisualStudioVersion = 17.5.33530.505
MinimumVisualStudioVersion = 10.0.40219.1
Project("{9A19103F-16F7-4668-BE54-9A1E7A4F7556}") = "MyGymWorld.Web", "MyGymWorld\MyGymWorld.Web.csproj", "{4E08D9C7-8EC8-48C1-9E36-BEDC5526871A}"
EndProject
Project("{9A19103F-16F7-4668-BE54-9A1E7A4F7556}") = "MyGymWorld.Data", "MyGymWorld.Data\MyGymWorld.Data.csproj", "{3AE9DE52-BF33-4F13-A447-4ECFACFE5182}"
EndProject
Project("{2150E333-8FDC-42A3-9474-1A3956D46DE8}") = "Web", "Web", "{E18F2EE2-1414-46B7-AF74-688DC801C1F7}"
EndProject
Project("{9A19103F-16F7-4668-BE54-9A1E7A4F7556}") = "MyGymWorld.Web.Infrastructure", "MyGymWorld.Web.Infrastructure\MyGymWorld.Web.Infrastructure.csproj", "{781755A7-A7FC-4E21-BFB4-0D1904DD823D}"
EndProject
Project("{2150E333-8FDC-42A3-9474-1A3956D46DE8}") = "Data", "Data", "{500510B1-82C1-4BAF-8176-E037B36CDEA4}"
EndProject
Project("{2150E333-8FDC-42A3-9474-1A3956D46DE8}") = "Core", "Core", "{78A7FE3F-FE5D-45F0-A5EC-DC7EA48E4828}"
EndProject
Project("{9A19103F-16F7-4668-BE54-9A1E7A4F7556}") = "MyGymWorld.Core.Mapping", "MyGymWorld.Core.Mapping\MyGymWorld.Core.Mapping.csproj", "{380525D9-9C76-41AE-BDE9-64D4914592AC}"
EndProject
Project("{9A19103F-16F7-4668-BE54-9A1E7A4F7556}") = "MyGymWorld.Data.Common", "MyGymWorld.Data.Common\MyGymWorld.Data.Common.csproj", "{0715B85E-88A5-4455-B6DB-5581D0FAA386}"
EndProject
Project("{9A19103F-16F7-4668-BE54-9A1E7A4F7556}") = "MyGymWorld.Core", "MyGymWorld.Core\MyGymWorld.Core.csproj", "{0ECC56A0-BA50-4EF8-8686-3382D519365C}"
EndProject
Project("{9A19103F-16F7-4668-BE54-9A1E7A4F7556}") = "MyGymWorld.Web.ViewModels", "MyGymWorld.Web.ViewModels\MyGymWorld.Web.ViewModels.csproj", "{B0DF566B-AF2D-4BC4-BFD2-1C536020F540}"
EndProject
Project("{FAE04EC0-301F-11D3-BF4B-00C04F79EFBC}") = "MyGymWorld.Core.Utilities", "MyGymWorld.Core.Utilities\MyGymWorld.Core.Utilities.csproj", "{E5BD6EDC-B0D2-4F2D-8BDD-FD22BDD8E18A}"
EndProject
Global
	GlobalSection(SolutionConfigurationPlatforms) = preSolution
		Debug|Any CPU = Debug|Any CPU
		Release|Any CPU = Release|Any CPU
	EndGlobalSection
	GlobalSection(ProjectConfigurationPlatforms) = postSolution
		{4E08D9C7-8EC8-48C1-9E36-BEDC5526871A}.Debug|Any CPU.ActiveCfg = Debug|Any CPU
		{4E08D9C7-8EC8-48C1-9E36-BEDC5526871A}.Debug|Any CPU.Build.0 = Debug|Any CPU
		{4E08D9C7-8EC8-48C1-9E36-BEDC5526871A}.Release|Any CPU.ActiveCfg = Release|Any CPU
		{4E08D9C7-8EC8-48C1-9E36-BEDC5526871A}.Release|Any CPU.Build.0 = Release|Any CPU
		{3AE9DE52-BF33-4F13-A447-4ECFACFE5182}.Debug|Any CPU.ActiveCfg = Debug|Any CPU
		{3AE9DE52-BF33-4F13-A447-4ECFACFE5182}.Debug|Any CPU.Build.0 = Debug|Any CPU
		{3AE9DE52-BF33-4F13-A447-4ECFACFE5182}.Release|Any CPU.ActiveCfg = Release|Any CPU
		{3AE9DE52-BF33-4F13-A447-4ECFACFE5182}.Release|Any CPU.Build.0 = Release|Any CPU
		{781755A7-A7FC-4E21-BFB4-0D1904DD823D}.Debug|Any CPU.ActiveCfg = Debug|Any CPU
		{781755A7-A7FC-4E21-BFB4-0D1904DD823D}.Debug|Any CPU.Build.0 = Debug|Any CPU
		{781755A7-A7FC-4E21-BFB4-0D1904DD823D}.Release|Any CPU.ActiveCfg = Release|Any CPU
		{781755A7-A7FC-4E21-BFB4-0D1904DD823D}.Release|Any CPU.Build.0 = Release|Any CPU
		{380525D9-9C76-41AE-BDE9-64D4914592AC}.Debug|Any CPU.ActiveCfg = Debug|Any CPU
		{380525D9-9C76-41AE-BDE9-64D4914592AC}.Debug|Any CPU.Build.0 = Debug|Any CPU
		{380525D9-9C76-41AE-BDE9-64D4914592AC}.Release|Any CPU.ActiveCfg = Release|Any CPU
		{380525D9-9C76-41AE-BDE9-64D4914592AC}.Release|Any CPU.Build.0 = Release|Any CPU
		{0715B85E-88A5-4455-B6DB-5581D0FAA386}.Debug|Any CPU.ActiveCfg = Debug|Any CPU
		{0715B85E-88A5-4455-B6DB-5581D0FAA386}.Debug|Any CPU.Build.0 = Debug|Any CPU
		{0715B85E-88A5-4455-B6DB-5581D0FAA386}.Release|Any CPU.ActiveCfg = Release|Any CPU
		{0715B85E-88A5-4455-B6DB-5581D0FAA386}.Release|Any CPU.Build.0 = Release|Any CPU
		{0ECC56A0-BA50-4EF8-8686-3382D519365C}.Debug|Any CPU.ActiveCfg = Debug|Any CPU
		{0ECC56A0-BA50-4EF8-8686-3382D519365C}.Debug|Any CPU.Build.0 = Debug|Any CPU
		{0ECC56A0-BA50-4EF8-8686-3382D519365C}.Release|Any CPU.ActiveCfg = Release|Any CPU
		{0ECC56A0-BA50-4EF8-8686-3382D519365C}.Release|Any CPU.Build.0 = Release|Any CPU
		{B0DF566B-AF2D-4BC4-BFD2-1C536020F540}.Debug|Any CPU.ActiveCfg = Debug|Any CPU
		{B0DF566B-AF2D-4BC4-BFD2-1C536020F540}.Debug|Any CPU.Build.0 = Debug|Any CPU
		{B0DF566B-AF2D-4BC4-BFD2-1C536020F540}.Release|Any CPU.ActiveCfg = Release|Any CPU
		{B0DF566B-AF2D-4BC4-BFD2-1C536020F540}.Release|Any CPU.Build.0 = Release|Any CPU
		{E5BD6EDC-B0D2-4F2D-8BDD-FD22BDD8E18A}.Debug|Any CPU.ActiveCfg = Debug|Any CPU
		{E5BD6EDC-B0D2-4F2D-8BDD-FD22BDD8E18A}.Debug|Any CPU.Build.0 = Debug|Any CPU
		{E5BD6EDC-B0D2-4F2D-8BDD-FD22BDD8E18A}.Release|Any CPU.ActiveCfg = Release|Any CPU
		{E5BD6EDC-B0D2-4F2D-8BDD-FD22BDD8E18A}.Release|Any CPU.Build.0 = Release|Any CPU
	EndGlobalSection
	GlobalSection(SolutionProperties) = preSolution
		HideSolutionNode = FALSE
	EndGlobalSection
	GlobalSection(NestedProjects) = preSolution
		{4E08D9C7-8EC8-48C1-9E36-BEDC5526871A} = {E18F2EE2-1414-46B7-AF74-688DC801C1F7}
		{3AE9DE52-BF33-4F13-A447-4ECFACFE5182} = {500510B1-82C1-4BAF-8176-E037B36CDEA4}
		{781755A7-A7FC-4E21-BFB4-0D1904DD823D} = {E18F2EE2-1414-46B7-AF74-688DC801C1F7}
		{380525D9-9C76-41AE-BDE9-64D4914592AC} = {78A7FE3F-FE5D-45F0-A5EC-DC7EA48E4828}
		{0715B85E-88A5-4455-B6DB-5581D0FAA386} = {500510B1-82C1-4BAF-8176-E037B36CDEA4}
		{0ECC56A0-BA50-4EF8-8686-3382D519365C} = {78A7FE3F-FE5D-45F0-A5EC-DC7EA48E4828}
		{B0DF566B-AF2D-4BC4-BFD2-1C536020F540} = {E18F2EE2-1414-46B7-AF74-688DC801C1F7}
		{E5BD6EDC-B0D2-4F2D-8BDD-FD22BDD8E18A} = {78A7FE3F-FE5D-45F0-A5EC-DC7EA48E4828}
	EndGlobalSection
	GlobalSection(ExtensibilityGlobals) = postSolution
		SolutionGuid = {7F7D5DBE-DCEF-439D-8E8E-D072844B3AC3}
	EndGlobalSection
EndGlobal
